[root]
name = "StringTheory"
version = "0.0.1"
dependencies = [
 "gl 0.0.9 (git+https://github.com/bjz/gl-rs.git)",
 "rust-assimp 0.0.1-alpha.2 (git+https://github.com/lotusronin/rust-assimp)",
 "rustnet 0.0.1 (git+https://github.com/hirolord/rustnet.git)",
 "sdl2 0.0.28 (registry+https://github.com/rust-lang/crates.io-index)",
]

[[package]]
name = "bitflags"
version = "0.1.1"
source = "registry+https://github.com/rust-lang/crates.io-index"

[[package]]
name = "gl"
version = "0.0.9"
source = "git+https://github.com/bjz/gl-rs.git#5867745f94b2c9f1a37b079f0ddee887651f1f5f"
dependencies = [
 "gl_common 0.0.4 (git+https://github.com/bjz/gl-rs.git)",
 "gl_generator 0.0.19 (git+https://github.com/bjz/gl-rs.git)",
 "khronos_api 0.0.5 (git+https://github.com/bjz/gl-rs.git)",
 "libc 0.1.2 (registry+https://github.com/rust-lang/crates.io-index)",
]

[[package]]
name = "gl_common"
version = "0.0.4"
source = "git+https://github.com/bjz/gl-rs.git#5867745f94b2c9f1a37b079f0ddee887651f1f5f"
dependencies = [
 "libc 0.1.2 (registry+https://github.com/rust-lang/crates.io-index)",
]

[[package]]
name = "gl_generator"
version = "0.0.19"
source = "git+https://github.com/bjz/gl-rs.git#5867745f94b2c9f1a37b079f0ddee887651f1f5f"
dependencies = [
 "khronos_api 0.0.5 (git+https://github.com/bjz/gl-rs.git)",
 "log 0.2.5 (registry+https://github.com/rust-lang/crates.io-index)",
 "xml-rs 0.1.20 (registry+https://github.com/rust-lang/crates.io-index)",
]

[[package]]
name = "khronos_api"
version = "0.0.5"
source = "git+https://github.com/bjz/gl-rs.git#5867745f94b2c9f1a37b079f0ddee887651f1f5f"

[[package]]
name = "libc"
version = "0.1.2"
source = "registry+https://github.com/rust-lang/crates.io-index"

[[package]]
name = "log"
version = "0.2.5"
source = "registry+https://github.com/rust-lang/crates.io-index"

[[package]]
name = "rand"
version = "0.1.3"
source = "registry+https://github.com/rust-lang/crates.io-index"
dependencies = [
 "libc 0.1.2 (registry+https://github.com/rust-lang/crates.io-index)",
 "log 0.2.5 (registry+https://github.com/rust-lang/crates.io-index)",
]

[[package]]
name = "rust-assimp"
version = "0.0.1-alpha.2"
source = "git+https://github.com/lotusronin/rust-assimp#10815341549472607f7b16ca8a278637433a2681"
dependencies = [
 "vecmath 0.0.5 (git+https://github.com/PistonDevelopers/vecmath)",
]

[[package]]
name = "rustnet"
version = "0.0.1"
source = "git+https://github.com/hirolord/rustnet.git#37729434ee90a7bd4915577db1f476d18f140326"
dependencies = [
 "sdl2_net 0.0.2 (git+https://github.com/Limvot/rust-sdl2_net)",
]

[[package]]
name = "sdl2"
version = "0.0.28"
source = "registry+https://github.com/rust-lang/crates.io-index"
dependencies = [
 "bitflags 0.1.1 (registry+https://github.com/rust-lang/crates.io-index)",
 "libc 0.1.2 (registry+https://github.com/rust-lang/crates.io-index)",
 "rand 0.1.3 (registry+https://github.com/rust-lang/crates.io-index)",
 "sdl2-sys 0.0.27 (registry+https://github.com/rust-lang/crates.io-index)",
]

[[package]]
name = "sdl2-sys"
version = "0.0.27"
source = "registry+https://github.com/rust-lang/crates.io-index"
dependencies = [
 "libc 0.1.2 (registry+https://github.com/rust-lang/crates.io-index)",
]

[[package]]
name = "sdl2_net"
version = "0.0.2"
source = "git+https://github.com/Limvot/rust-sdl2_net#d5e08a532142c92577e1c3b664c4bbd0690903ad"
dependencies = [
 "sdl2 0.0.28 (registry+https://github.com/rust-lang/crates.io-index)",
]

[[package]]
name = "vecmath"
version = "0.0.5"
source = "git+https://github.com/PistonDevelopers/vecmath#6284864573fe185f4d87aadfe38d0fc3b2edcd73"

[[package]]
name = "xml-rs"
version = "0.1.20"
source = "registry+https://github.com/rust-lang/crates.io-index"
dependencies = [
 "bitflags 0.1.1 (registry+https://github.com/rust-lang/crates.io-index)",
]

