[root]
name = "StringTheory"
version = "0.0.1"
dependencies = [
 "gl 0.0.8 (git+https://github.com/Limvot/gl-rs)",
 "rust-assimp 0.0.1-alpha.2 (git+https://github.com/lotusronin/rust-assimp)",
 "rustnet 0.0.1 (git+https://github.com/hirolord/rustnet.git)",
 "sdl2 0.0.28 (registry+https://github.com/rust-lang/crates.io-index)",
]

[[package]]
name = "bitflags"
version = "0.1.1"
source = "registry+https://github.com/rust-lang/crates.io-index"

[[package]]
name = "gl"
version = "0.0.8"
source = "git+https://github.com/Limvot/gl-rs#f2a996eb2594c362029c41b963e6bee117e096c6"
dependencies = [
 "gl_common 0.0.4 (git+https://github.com/Limvot/gl-rs)",
 "gl_generator 0.0.18 (git+https://github.com/Limvot/gl-rs)",
 "khronos_api 0.0.5 (git+https://github.com/Limvot/gl-rs)",
 "libc 0.1.2 (registry+https://github.com/rust-lang/crates.io-index)",
]

[[package]]
name = "gl_common"
version = "0.0.4"
source = "git+https://github.com/Limvot/gl-rs#f2a996eb2594c362029c41b963e6bee117e096c6"
dependencies = [
 "libc 0.1.2 (registry+https://github.com/rust-lang/crates.io-index)",
]

[[package]]
name = "gl_generator"
version = "0.0.18"
source = "git+https://github.com/Limvot/gl-rs#f2a996eb2594c362029c41b963e6bee117e096c6"
dependencies = [
 "khronos_api 0.0.5 (git+https://github.com/Limvot/gl-rs)",
 "xml-rs 0.1.19 (git+https://github.com/bfops/xml-rs.git)",
]

[[package]]
name = "khronos_api"
version = "0.0.5"
source = "git+https://github.com/Limvot/gl-rs#f2a996eb2594c362029c41b963e6bee117e096c6"

[[package]]
name = "libc"
version = "0.1.2"
source = "registry+https://github.com/rust-lang/crates.io-index"

[[package]]
name = "log"
version = "0.2.4"
source = "registry+https://github.com/rust-lang/crates.io-index"

[[package]]
name = "rand"
version = "0.1.3"
source = "registry+https://github.com/rust-lang/crates.io-index"
dependencies = [
 "libc 0.1.2 (registry+https://github.com/rust-lang/crates.io-index)",
 "log 0.2.4 (registry+https://github.com/rust-lang/crates.io-index)",
]

[[package]]
name = "rust-assimp"
version = "0.0.1-alpha.2"
source = "git+https://github.com/lotusronin/rust-assimp#04f137b0dc54166480db3b48a5628346bf013440"
dependencies = [
 "vecmath 0.0.5 (git+https://github.com/PistonDevelopers/vecmath)",
]

[[package]]
name = "rustnet"
version = "0.0.1"
source = "git+https://github.com/hirolord/rustnet.git#6375dfd2ab155025edd8aa2e7aa54247a77d6487"
dependencies = [
 "sdl2_net 0.0.2 (git+https://github.com/Limvot/rust-sdl2_net)",
]

[[package]]
name = "sdl2"
version = "0.0.28"
source = "registry+https://github.com/rust-lang/crates.io-index"
dependencies = [
 "bitflags 0.1.1 (registry+https://github.com/rust-lang/crates.io-index)",
 "libc 0.1.2 (registry+https://github.com/rust-lang/crates.io-index)",
 "rand 0.1.3 (registry+https://github.com/rust-lang/crates.io-index)",
 "sdl2-sys 0.0.27 (registry+https://github.com/rust-lang/crates.io-index)",
]

[[package]]
name = "sdl2-sys"
version = "0.0.27"
source = "registry+https://github.com/rust-lang/crates.io-index"
dependencies = [
 "libc 0.1.2 (registry+https://github.com/rust-lang/crates.io-index)",
]

[[package]]
name = "sdl2_net"
version = "0.0.2"
source = "git+https://github.com/Limvot/rust-sdl2_net#5e26680a7bd4b95d0b30898db40bb86d4dfeec27"
dependencies = [
 "sdl2 0.0.28 (registry+https://github.com/rust-lang/crates.io-index)",
]

[[package]]
name = "vecmath"
version = "0.0.5"
source = "git+https://github.com/PistonDevelopers/vecmath#6284864573fe185f4d87aadfe38d0fc3b2edcd73"

[[package]]
name = "xml-rs"
version = "0.1.19"
source = "git+https://github.com/bfops/xml-rs.git#ef908d332c80d847d5223db132494b8ac686f002"
dependencies = [
 "bitflags 0.1.1 (registry+https://github.com/rust-lang/crates.io-index)",
]

